
Microsoft Visual Studio Solution File, Format Version 12.00
Project("{FAE04EC0-301F-11D3-BF4B-00C04F79EFBC}") = "AvaliacaoProgramadorSqlServer", "AvaliacaoProgramadorSqlServer\AvaliacaoProgramadorSqlServer.csproj", "{5747543D-7060-4A44-B205-E6D2050D5FA3}"
EndProject
Global
	GlobalSection(SolutionConfigurationPlatforms) = preSolution
		Debug|Any CPU = Debug|Any CPU
		Release|Any CPU = Release|Any CPU
	EndGlobalSection
	GlobalSection(ProjectConfigurationPlatforms) = postSolution
		{5747543D-7060-4A44-B205-E6D2050D5FA3}.Debug|Any CPU.ActiveCfg = Debug|Any CPU
		{5747543D-7060-4A44-B205-E6D2050D5FA3}.Debug|Any CPU.Build.0 = Debug|Any CPU
		{5747543D-7060-4A44-B205-E6D2050D5FA3}.Release|Any CPU.ActiveCfg = Release|Any CPU
		{5747543D-7060-4A44-B205-E6D2050D5FA3}.Release|Any CPU.Build.0 = Release|Any CPU
	EndGlobalSection
EndGlobal
